// !$*UTF8*$!
{
	archiveVersion = 1;
	classes = {
	};
	objectVersion = 50;
	objects = {

/* Begin PBXBuildFile section */
		023C6BF523FCD8E100C72500 /* AppDelegate.swift in Sources */ = {isa = PBXBuildFile; fileRef = 023C6BF423FCD8E100C72500 /* AppDelegate.swift */; };
		023C6BF723FCD8E100C72500 /* SceneDelegate.swift in Sources */ = {isa = PBXBuildFile; fileRef = 023C6BF623FCD8E100C72500 /* SceneDelegate.swift */; };
		023C6BF923FCD8E100C72500 /* ViewController.swift in Sources */ = {isa = PBXBuildFile; fileRef = 023C6BF823FCD8E100C72500 /* ViewController.swift */; };
		023C6BFC23FCD8E100C72500 /* Main.storyboard in Resources */ = {isa = PBXBuildFile; fileRef = 023C6BFA23FCD8E100C72500 /* Main.storyboard */; };
		023C6BFE23FCD8E300C72500 /* Assets.xcassets in Resources */ = {isa = PBXBuildFile; fileRef = 023C6BFD23FCD8E300C72500 /* Assets.xcassets */; };
		023C6C0123FCD8E300C72500 /* LaunchScreen.storyboard in Resources */ = {isa = PBXBuildFile; fileRef = 023C6BFF23FCD8E300C72500 /* LaunchScreen.storyboard */; };
		023C6C0C23FCD8E300C72500 /* CaptionThatTests.swift in Sources */ = {isa = PBXBuildFile; fileRef = 023C6C0B23FCD8E300C72500 /* CaptionThatTests.swift */; };
		023C6C1723FCD8E300C72500 /* CaptionThatUITests.swift in Sources */ = {isa = PBXBuildFile; fileRef = 023C6C1623FCD8E300C72500 /* CaptionThatUITests.swift */; };
		023C6C2523FCD91700C72500 /* LandingViewController.swift in Sources */ = {isa = PBXBuildFile; fileRef = 023C6C2423FCD91700C72500 /* LandingViewController.swift */; };
		023C6C2723FCD93500C72500 /* CaptionedViewController.swift in Sources */ = {isa = PBXBuildFile; fileRef = 023C6C2623FCD93500C72500 /* CaptionedViewController.swift */; };
		023C6C2923FCD96800C72500 /* Caption.swift in Sources */ = {isa = PBXBuildFile; fileRef = 023C6C2823FCD96800C72500 /* Caption.swift */; };
		023C6C2B23FCDB8100C72500 /* Picture.swift in Sources */ = {isa = PBXBuildFile; fileRef = 023C6C2A23FCDB8100C72500 /* Picture.swift */; };
/* End PBXBuildFile section */

/* Begin PBXContainerItemProxy section */
		023C6C0823FCD8E300C72500 /* PBXContainerItemProxy */ = {
			isa = PBXContainerItemProxy;
			containerPortal = 023C6BE923FCD8E100C72500 /* Project object */;
			proxyType = 1;
			remoteGlobalIDString = 023C6BF023FCD8E100C72500;
			remoteInfo = CaptionThat;
		};
		023C6C1323FCD8E300C72500 /* PBXContainerItemProxy */ = {
			isa = PBXContainerItemProxy;
			containerPortal = 023C6BE923FCD8E100C72500 /* Project object */;
			proxyType = 1;
			remoteGlobalIDString = 023C6BF023FCD8E100C72500;
			remoteInfo = CaptionThat;
		};
/* End PBXContainerItemProxy section */

/* Begin PBXFileReference section */
		023C6BF123FCD8E100C72500 /* CaptionThat.app */ = {isa = PBXFileReference; explicitFileType = wrapper.application; includeInIndex = 0; path = CaptionThat.app; sourceTree = BUILT_PRODUCTS_DIR; };
		023C6BF423FCD8E100C72500 /* AppDelegate.swift */ = {isa = PBXFileReference; lastKnownFileType = sourcecode.swift; path = AppDelegate.swift; sourceTree = "<group>"; };
		023C6BF623FCD8E100C72500 /* SceneDelegate.swift */ = {isa = PBXFileReference; lastKnownFileType = sourcecode.swift; path = SceneDelegate.swift; sourceTree = "<group>"; };
		023C6BF823FCD8E100C72500 /* ViewController.swift */ = {isa = PBXFileReference; lastKnownFileType = sourcecode.swift; path = ViewController.swift; sourceTree = "<group>"; };
		023C6BFB23FCD8E100C72500 /* Base */ = {isa = PBXFileReference; lastKnownFileType = file.storyboard; name = Base; path = Base.lproj/Main.storyboard; sourceTree = "<group>"; };
		023C6BFD23FCD8E300C72500 /* Assets.xcassets */ = {isa = PBXFileReference; lastKnownFileType = folder.assetcatalog; path = Assets.xcassets; sourceTree = "<group>"; };
		023C6C0023FCD8E300C72500 /* Base */ = {isa = PBXFileReference; lastKnownFileType = file.storyboard; name = Base; path = Base.lproj/LaunchScreen.storyboard; sourceTree = "<group>"; };
		023C6C0223FCD8E300C72500 /* Info.plist */ = {isa = PBXFileReference; lastKnownFileType = text.plist.xml; path = Info.plist; sourceTree = "<group>"; };
		023C6C0723FCD8E300C72500 /* CaptionThatTests.xctest */ = {isa = PBXFileReference; explicitFileType = wrapper.cfbundle; includeInIndex = 0; path = CaptionThatTests.xctest; sourceTree = BUILT_PRODUCTS_DIR; };
		023C6C0B23FCD8E300C72500 /* CaptionThatTests.swift */ = {isa = PBXFileReference; lastKnownFileType = sourcecode.swift; path = CaptionThatTests.swift; sourceTree = "<group>"; };
		023C6C0D23FCD8E300C72500 /* Info.plist */ = {isa = PBXFileReference; lastKnownFileType = text.plist.xml; path = Info.plist; sourceTree = "<group>"; };
		023C6C1223FCD8E300C72500 /* CaptionThatUITests.xctest */ = {isa = PBXFileReference; explicitFileType = wrapper.cfbundle; includeInIndex = 0; path = CaptionThatUITests.xctest; sourceTree = BUILT_PRODUCTS_DIR; };
		023C6C1623FCD8E300C72500 /* CaptionThatUITests.swift */ = {isa = PBXFileReference; lastKnownFileType = sourcecode.swift; path = CaptionThatUITests.swift; sourceTree = "<group>"; };
		023C6C1823FCD8E300C72500 /* Info.plist */ = {isa = PBXFileReference; lastKnownFileType = text.plist.xml; path = Info.plist; sourceTree = "<group>"; };
		023C6C2423FCD91700C72500 /* LandingViewController.swift */ = {isa = PBXFileReference; lastKnownFileType = sourcecode.swift; path = LandingViewController.swift; sourceTree = "<group>"; };
		023C6C2623FCD93500C72500 /* CaptionedViewController.swift */ = {isa = PBXFileReference; lastKnownFileType = sourcecode.swift; path = CaptionedViewController.swift; sourceTree = "<group>"; };
		023C6C2823FCD96800C72500 /* Caption.swift */ = {isa = PBXFileReference; lastKnownFileType = sourcecode.swift; path = Caption.swift; sourceTree = "<group>"; };
		023C6C2A23FCDB8100C72500 /* Picture.swift */ = {isa = PBXFileReference; lastKnownFileType = sourcecode.swift; path = Picture.swift; sourceTree = "<group>"; };
/* End PBXFileReference section */

/* Begin PBXFrameworksBuildPhase section */
		023C6BEE23FCD8E100C72500 /* Frameworks */ = {
			isa = PBXFrameworksBuildPhase;
			buildActionMask = 2147483647;
			files = (
			);
			runOnlyForDeploymentPostprocessing = 0;
		};
		023C6C0423FCD8E300C72500 /* Frameworks */ = {
			isa = PBXFrameworksBuildPhase;
			buildActionMask = 2147483647;
			files = (
			);
			runOnlyForDeploymentPostprocessing = 0;
		};
		023C6C0F23FCD8E300C72500 /* Frameworks */ = {
			isa = PBXFrameworksBuildPhase;
			buildActionMask = 2147483647;
			files = (
			);
			runOnlyForDeploymentPostprocessing = 0;
		};
/* End PBXFrameworksBuildPhase section */

/* Begin PBXGroup section */
		023C6BE823FCD8E100C72500 = {
			isa = PBXGroup;
			children = (
				023C6C2F23FCDC4100C72500 /* Models */,
				023C6C2E23FCDC2D00C72500 /* Controllers */,
				023C6C2D23FCDC2100C72500 /* Views */,
				023C6C2A23FCDB8100C72500 /* Picture.swift */,
				023C6BF323FCD8E100C72500 /* CaptionThat */,
				023C6C0A23FCD8E300C72500 /* CaptionThatTests */,
				023C6C1523FCD8E300C72500 /* CaptionThatUITests */,
				023C6BF223FCD8E100C72500 /* Products */,
			);
			sourceTree = "<group>";
		};
		023C6BF223FCD8E100C72500 /* Products */ = {
			isa = PBXGroup;
			children = (
				023C6BF123FCD8E100C72500 /* CaptionThat.app */,
				023C6C0723FCD8E300C72500 /* CaptionThatTests.xctest */,
				023C6C1223FCD8E300C72500 /* CaptionThatUITests.xctest */,
			);
			name = Products;
			sourceTree = "<group>";
		};
		023C6BF323FCD8E100C72500 /* CaptionThat */ = {
			isa = PBXGroup;
			children = (
				023C6BF423FCD8E100C72500 /* AppDelegate.swift */,
				023C6BF623FCD8E100C72500 /* SceneDelegate.swift */,
				023C6BF823FCD8E100C72500 /* ViewController.swift */,
				023C6BFA23FCD8E100C72500 /* Main.storyboard */,
				023C6BFD23FCD8E300C72500 /* Assets.xcassets */,
				023C6BFF23FCD8E300C72500 /* LaunchScreen.storyboard */,
				023C6C0223FCD8E300C72500 /* Info.plist */,
			);
			path = CaptionThat;
			sourceTree = "<group>";
		};
		023C6C0A23FCD8E300C72500 /* CaptionThatTests */ = {
			isa = PBXGroup;
			children = (
				023C6C0B23FCD8E300C72500 /* CaptionThatTests.swift */,
				023C6C0D23FCD8E300C72500 /* Info.plist */,
			);
			path = CaptionThatTests;
			sourceTree = "<group>";
		};
		023C6C1523FCD8E300C72500 /* CaptionThatUITests */ = {
			isa = PBXGroup;
			children = (
				023C6C1623FCD8E300C72500 /* CaptionThatUITests.swift */,
				023C6C1823FCD8E300C72500 /* Info.plist */,
			);
			path = CaptionThatUITests;
			sourceTree = "<group>";
		};
		023C6C2D23FCDC2100C72500 /* Views */ = {
			isa = PBXGroup;
			children = (
			);
			path = Views;
			sourceTree = "<group>";
		};
		023C6C2E23FCDC2D00C72500 /* Controllers */ = {
			isa = PBXGroup;
			children = (
				023C6C2423FCD91700C72500 /* LandingViewController.swift */,
				023C6C2623FCD93500C72500 /* CaptionedViewController.swift */,
			);
			path = Controllers;
			sourceTree = "<group>";
		};
		023C6C2F23FCDC4100C72500 /* Models */ = {
			isa = PBXGroup;
			children = (
				023C6C2823FCD96800C72500 /* Caption.swift */,
			);
			path = Models;
			sourceTree = "<group>";
		};
/* End PBXGroup section */

/* Begin PBXNativeTarget section */
		023C6BF023FCD8E100C72500 /* CaptionThat */ = {
			isa = PBXNativeTarget;
			buildConfigurationList = 023C6C1B23FCD8E300C72500 /* Build configuration list for PBXNativeTarget "CaptionThat" */;
			buildPhases = (
				023C6BED23FCD8E100C72500 /* Sources */,
				023C6BEE23FCD8E100C72500 /* Frameworks */,
				023C6BEF23FCD8E100C72500 /* Resources */,
			);
			buildRules = (
			);
			dependencies = (
			);
			name = CaptionThat;
			productName = CaptionThat;
			productReference = 023C6BF123FCD8E100C72500 /* CaptionThat.app */;
			productType = "com.apple.product-type.application";
		};
		023C6C0623FCD8E300C72500 /* CaptionThatTests */ = {
			isa = PBXNativeTarget;
			buildConfigurationList = 023C6C1E23FCD8E300C72500 /* Build configuration list for PBXNativeTarget "CaptionThatTests" */;
			buildPhases = (
				023C6C0323FCD8E300C72500 /* Sources */,
				023C6C0423FCD8E300C72500 /* Frameworks */,
				023C6C0523FCD8E300C72500 /* Resources */,
			);
			buildRules = (
			);
			dependencies = (
				023C6C0923FCD8E300C72500 /* PBXTargetDependency */,
			);
			name = CaptionThatTests;
			productName = CaptionThatTests;
			productReference = 023C6C0723FCD8E300C72500 /* CaptionThatTests.xctest */;
			productType = "com.apple.product-type.bundle.unit-test";
		};
		023C6C1123FCD8E300C72500 /* CaptionThatUITests */ = {
			isa = PBXNativeTarget;
			buildConfigurationList = 023C6C2123FCD8E300C72500 /* Build configuration list for PBXNativeTarget "CaptionThatUITests" */;
			buildPhases = (
				023C6C0E23FCD8E300C72500 /* Sources */,
				023C6C0F23FCD8E300C72500 /* Frameworks */,
				023C6C1023FCD8E300C72500 /* Resources */,
			);
			buildRules = (
			);
			dependencies = (
				023C6C1423FCD8E300C72500 /* PBXTargetDependency */,
			);
			name = CaptionThatUITests;
			productName = CaptionThatUITests;
			productReference = 023C6C1223FCD8E300C72500 /* CaptionThatUITests.xctest */;
			productType = "com.apple.product-type.bundle.ui-testing";
		};
/* End PBXNativeTarget section */

/* Begin PBXProject section */
		023C6BE923FCD8E100C72500 /* Project object */ = {
			isa = PBXProject;
			attributes = {
				LastSwiftUpdateCheck = 1130;
				LastUpgradeCheck = 1130;
				ORGANIZATIONNAME = Logan;
				TargetAttributes = {
					023C6BF023FCD8E100C72500 = {
						CreatedOnToolsVersion = 11.3.1;
					};
					023C6C0623FCD8E300C72500 = {
						CreatedOnToolsVersion = 11.3.1;
						TestTargetID = 023C6BF023FCD8E100C72500;
					};
					023C6C1123FCD8E300C72500 = {
						CreatedOnToolsVersion = 11.3.1;
						TestTargetID = 023C6BF023FCD8E100C72500;
					};
				};
			};
			buildConfigurationList = 023C6BEC23FCD8E100C72500 /* Build configuration list for PBXProject "CaptionThat" */;
			compatibilityVersion = "Xcode 9.3";
			developmentRegion = en;
			hasScannedForEncodings = 0;
			knownRegions = (
				en,
				Base,
			);
			mainGroup = 023C6BE823FCD8E100C72500;
			productRefGroup = 023C6BF223FCD8E100C72500 /* Products */;
			projectDirPath = "";
			projectRoot = "";
			targets = (
				023C6BF023FCD8E100C72500 /* CaptionThat */,
				023C6C0623FCD8E300C72500 /* CaptionThatTests */,
				023C6C1123FCD8E300C72500 /* CaptionThatUITests */,
			);
		};
/* End PBXProject section */

/* Begin PBXResourcesBuildPhase section */
		023C6BEF23FCD8E100C72500 /* Resources */ = {
			isa = PBXResourcesBuildPhase;
			buildActionMask = 2147483647;
			files = (
				023C6C0123FCD8E300C72500 /* LaunchScreen.storyboard in Resources */,
				023C6BFE23FCD8E300C72500 /* Assets.xcassets in Resources */,
				023C6BFC23FCD8E100C72500 /* Main.storyboard in Resources */,
			);
			runOnlyForDeploymentPostprocessing = 0;
		};
		023C6C0523FCD8E300C72500 /* Resources */ = {
			isa = PBXResourcesBuildPhase;
			buildActionMask = 2147483647;
			files = (
			);
			runOnlyForDeploymentPostprocessing = 0;
		};
		023C6C1023FCD8E300C72500 /* Resources */ = {
			isa = PBXResourcesBuildPhase;
			buildActionMask = 2147483647;
			files = (
			);
			runOnlyForDeploymentPostprocessing = 0;
		};
/* End PBXResourcesBuildPhase section */

/* Begin PBXSourcesBuildPhase section */
		023C6BED23FCD8E100C72500 /* Sources */ = {
			isa = PBXSourcesBuildPhase;
			buildActionMask = 2147483647;
			files = (
				023C6BF923FCD8E100C72500 /* ViewController.swift in Sources */,
				023C6C2723FCD93500C72500 /* CaptionedViewController.swift in Sources */,
				023C6C2923FCD96800C72500 /* Caption.swift in Sources */,
				023C6BF523FCD8E100C72500 /* AppDelegate.swift in Sources */,
				023C6C2B23FCDB8100C72500 /* Picture.swift in Sources */,
				023C6C2523FCD91700C72500 /* LandingViewController.swift in Sources */,
				023C6BF723FCD8E100C72500 /* SceneDelegate.swift in Sources */,
			);
			runOnlyForDeploymentPostprocessing = 0;
		};
		023C6C0323FCD8E300C72500 /* Sources */ = {
			isa = PBXSourcesBuildPhase;
			buildActionMask = 2147483647;
			files = (
				023C6C0C23FCD8E300C72500 /* CaptionThatTests.swift in Sources */,
			);
			runOnlyForDeploymentPostprocessing = 0;
		};
		023C6C0E23FCD8E300C72500 /* Sources */ = {
			isa = PBXSourcesBuildPhase;
			buildActionMask = 2147483647;
			files = (
				023C6C1723FCD8E300C72500 /* CaptionThatUITests.swift in Sources */,
			);
			runOnlyForDeploymentPostprocessing = 0;
		};
/* End PBXSourcesBuildPhase section */

/* Begin PBXTargetDependency section */
		023C6C0923FCD8E300C72500 /* PBXTargetDependency */ = {
			isa = PBXTargetDependency;
			target = 023C6BF023FCD8E100C72500 /* CaptionThat */;
			targetProxy = 023C6C0823FCD8E300C72500 /* PBXContainerItemProxy */;
		};
		023C6C1423FCD8E300C72500 /* PBXTargetDependency */ = {
			isa = PBXTargetDependency;
			target = 023C6BF023FCD8E100C72500 /* CaptionThat */;
			targetProxy = 023C6C1323FCD8E300C72500 /* PBXContainerItemProxy */;
		};
/* End PBXTargetDependency section */

/* Begin PBXVariantGroup section */
		023C6BFA23FCD8E100C72500 /* Main.storyboard */ = {
			isa = PBXVariantGroup;
			children = (
				023C6BFB23FCD8E100C72500 /* Base */,
			);
			name = Main.storyboard;
			sourceTree = "<group>";
		};
		023C6BFF23FCD8E300C72500 /* LaunchScreen.storyboard */ = {
			isa = PBXVariantGroup;
			children = (
				023C6C0023FCD8E300C72500 /* Base */,
			);
			name = LaunchScreen.storyboard;
			sourceTree = "<group>";
		};
/* End PBXVariantGroup section */

/* Begin XCBuildConfiguration section */
		023C6C1923FCD8E300C72500 /* Debug */ = {
			isa = XCBuildConfiguration;
			buildSettings = {
				ALWAYS_SEARCH_USER_PATHS = NO;
				CLANG_ANALYZER_NONNULL = YES;
				CLANG_ANALYZER_NUMBER_OBJECT_CONVERSION = YES_AGGRESSIVE;
				CLANG_CXX_LANGUAGE_STANDARD = "gnu++14";
				CLANG_CXX_LIBRARY = "libc++";
				CLANG_ENABLE_MODULES = YES;
				CLANG_ENABLE_OBJC_ARC = YES;
				CLANG_ENABLE_OBJC_WEAK = YES;
				CLANG_WARN_BLOCK_CAPTURE_AUTORELEASING = YES;
				CLANG_WARN_BOOL_CONVERSION = YES;
				CLANG_WARN_COMMA = YES;
				CLANG_WARN_CONSTANT_CONVERSION = YES;
				CLANG_WARN_DEPRECATED_OBJC_IMPLEMENTATIONS = YES;
				CLANG_WARN_DIRECT_OBJC_ISA_USAGE = YES_ERROR;
				CLANG_WARN_DOCUMENTATION_COMMENTS = YES;
				CLANG_WARN_EMPTY_BODY = YES;
				CLANG_WARN_ENUM_CONVERSION = YES;
				CLANG_WARN_INFINITE_RECURSION = YES;
				CLANG_WARN_INT_CONVERSION = YES;
				CLANG_WARN_NON_LITERAL_NULL_CONVERSION = YES;
				CLANG_WARN_OBJC_IMPLICIT_RETAIN_SELF = YES;
				CLANG_WARN_OBJC_LITERAL_CONVERSION = YES;
				CLANG_WARN_OBJC_ROOT_CLASS = YES_ERROR;
				CLANG_WARN_RANGE_LOOP_ANALYSIS = YES;
				CLANG_WARN_STRICT_PROTOTYPES = YES;
				CLANG_WARN_SUSPICIOUS_MOVE = YES;
				CLANG_WARN_UNGUARDED_AVAILABILITY = YES_AGGRESSIVE;
				CLANG_WARN_UNREACHABLE_CODE = YES;
				CLANG_WARN__DUPLICATE_METHOD_MATCH = YES;
				COPY_PHASE_STRIP = NO;
				DEBUG_INFORMATION_FORMAT = dwarf;
				ENABLE_STRICT_OBJC_MSGSEND = YES;
				ENABLE_TESTABILITY = YES;
				GCC_C_LANGUAGE_STANDARD = gnu11;
				GCC_DYNAMIC_NO_PIC = NO;
				GCC_NO_COMMON_BLOCKS = YES;
				GCC_OPTIMIZATION_LEVEL = 0;
				GCC_PREPROCESSOR_DEFINITIONS = (
					"DEBUG=1",
					"$(inherited)",
				);
				GCC_WARN_64_TO_32_BIT_CONVERSION = YES;
				GCC_WARN_ABOUT_RETURN_TYPE = YES_ERROR;
				GCC_WARN_UNDECLARED_SELECTOR = YES;
				GCC_WARN_UNINITIALIZED_AUTOS = YES_AGGRESSIVE;
				GCC_WARN_UNUSED_FUNCTION = YES;
				GCC_WARN_UNUSED_VARIABLE = YES;
				IPHONEOS_DEPLOYMENT_TARGET = 13.2;
				MTL_ENABLE_DEBUG_INFO = INCLUDE_SOURCE;
				MTL_FAST_MATH = YES;
				ONLY_ACTIVE_ARCH = YES;
				SDKROOT = iphoneos;
				SWIFT_ACTIVE_COMPILATION_CONDITIONS = DEBUG;
				SWIFT_OPTIMIZATION_LEVEL = "-Onone";
			};
			name = Debug;
		};
		023C6C1A23FCD8E300C72500 /* Release */ = {
			isa = XCBuildConfiguration;
			buildSettings = {
				ALWAYS_SEARCH_USER_PATHS = NO;
				CLANG_ANALYZER_NONNULL = YES;
				CLANG_ANALYZER_NUMBER_OBJECT_CONVERSION = YES_AGGRESSIVE;
				CLANG_CXX_LANGUAGE_STANDARD = "gnu++14";
				CLANG_CXX_LIBRARY = "libc++";
				CLANG_ENABLE_MODULES = YES;
				CLANG_ENABLE_OBJC_ARC = YES;
				CLANG_ENABLE_OBJC_WEAK = YES;
				CLANG_WARN_BLOCK_CAPTURE_AUTORELEASING = YES;
				CLANG_WARN_BOOL_CONVERSION = YES;
				CLANG_WARN_COMMA = YES;
				CLANG_WARN_CONSTANT_CONVERSION = YES;
				CLANG_WARN_DEPRECATED_OBJC_IMPLEMENTATIONS = YES;
				CLANG_WARN_DIRECT_OBJC_ISA_USAGE = YES_ERROR;
				CLANG_WARN_DOCUMENTATION_COMMENTS = YES;
				CLANG_WARN_EMPTY_BODY = YES;
				CLANG_WARN_ENUM_CONVERSION = YES;
				CLANG_WARN_INFINITE_RECURSION = YES;
				CLANG_WARN_INT_CONVERSION = YES;
				CLANG_WARN_NON_LITERAL_NULL_CONVERSION = YES;
				CLANG_WARN_OBJC_IMPLICIT_RETAIN_SELF = YES;
				CLANG_WARN_OBJC_LITERAL_CONVERSION = YES;
				CLANG_WARN_OBJC_ROOT_CLASS = YES_ERROR;
				CLANG_WARN_RANGE_LOOP_ANALYSIS = YES;
				CLANG_WARN_STRICT_PROTOTYPES = YES;
				CLANG_WARN_SUSPICIOUS_MOVE = YES;
				CLANG_WARN_UNGUARDED_AVAILABILITY = YES_AGGRESSIVE;
				CLANG_WARN_UNREACHABLE_CODE = YES;
				CLANG_WARN__DUPLICATE_METHOD_MATCH = YES;
				COPY_PHASE_STRIP = NO;
				DEBUG_INFORMATION_FORMAT = "dwarf-with-dsym";
				ENABLE_NS_ASSERTIONS = NO;
				ENABLE_STRICT_OBJC_MSGSEND = YES;
				GCC_C_LANGUAGE_STANDARD = gnu11;
				GCC_NO_COMMON_BLOCKS = YES;
				GCC_WARN_64_TO_32_BIT_CONVERSION = YES;
				GCC_WARN_ABOUT_RETURN_TYPE = YES_ERROR;
				GCC_WARN_UNDECLARED_SELECTOR = YES;
				GCC_WARN_UNINITIALIZED_AUTOS = YES_AGGRESSIVE;
				GCC_WARN_UNUSED_FUNCTION = YES;
				GCC_WARN_UNUSED_VARIABLE = YES;
				IPHONEOS_DEPLOYMENT_TARGET = 13.2;
				MTL_ENABLE_DEBUG_INFO = NO;
				MTL_FAST_MATH = YES;
				SDKROOT = iphoneos;
				SWIFT_COMPILATION_MODE = wholemodule;
				SWIFT_OPTIMIZATION_LEVEL = "-O";
				VALIDATE_PRODUCT = YES;
			};
			name = Release;
		};
		023C6C1C23FCD8E300C72500 /* Debug */ = {
			isa = XCBuildConfiguration;
			buildSettings = {
				ASSETCATALOG_COMPILER_APPICON_NAME = AppIcon;
				CODE_SIGN_STYLE = Automatic;
				INFOPLIST_FILE = CaptionThat/Info.plist;
				LD_RUNPATH_SEARCH_PATHS = (
					"$(inherited)",
					"@executable_path/Frameworks",
				);
				PRODUCT_BUNDLE_IDENTIFIER = com.Logan.CaptionThat.CaptionThat;
				PRODUCT_NAME = "$(TARGET_NAME)";
				SWIFT_VERSION = 5.0;
				TARGETED_DEVICE_FAMILY = "1,2";
			};
			name = Debug;
		};
		023C6C1D23FCD8E300C72500 /* Release */ = {
			isa = XCBuildConfiguration;
			buildSettings = {
				ASSETCATALOG_COMPILER_APPICON_NAME = AppIcon;
				CODE_SIGN_STYLE = Automatic;
				INFOPLIST_FILE = CaptionThat/Info.plist;
				LD_RUNPATH_SEARCH_PATHS = (
					"$(inherited)",
					"@executable_path/Frameworks",
				);
				PRODUCT_BUNDLE_IDENTIFIER = com.Logan.CaptionThat.CaptionThat;
				PRODUCT_NAME = "$(TARGET_NAME)";
				SWIFT_VERSION = 5.0;
				TARGETED_DEVICE_FAMILY = "1,2";
			};
			name = Release;
		};
		023C6C1F23FCD8E300C72500 /* Debug */ = {
			isa = XCBuildConfiguration;
			buildSettings = {
				ALWAYS_EMBED_SWIFT_STANDARD_LIBRARIES = YES;
				BUNDLE_LOADER = "$(TEST_HOST)";
				CODE_SIGN_STYLE = Automatic;
				INFOPLIST_FILE = CaptionThatTests/Info.plist;
				IPHONEOS_DEPLOYMENT_TARGET = 13.2;
				LD_RUNPATH_SEARCH_PATHS = (
					"$(inherited)",
					"@executable_path/Frameworks",
					"@loader_path/Frameworks",
				);
				PRODUCT_BUNDLE_IDENTIFIER = com.Logan.CaptionThat.CaptionThatTests;
				PRODUCT_NAME = "$(TARGET_NAME)";
				SWIFT_VERSION = 5.0;
				TARGETED_DEVICE_FAMILY = "1,2";
				TEST_HOST = "$(BUILT_PRODUCTS_DIR)/CaptionThat.app/CaptionThat";
			};
			name = Debug;
		};
		023C6C2023FCD8E300C72500 /* Release */ = {
			isa = XCBuildConfiguration;
			buildSettings = {
				ALWAYS_EMBED_SWIFT_STANDARD_LIBRARIES = YES;
				BUNDLE_LOADER = "$(TEST_HOST)";
				CODE_SIGN_STYLE = Automatic;
				INFOPLIST_FILE = CaptionThatTests/Info.plist;
				IPHONEOS_DEPLOYMENT_TARGET = 13.2;
				LD_RUNPATH_SEARCH_PATHS = (
					"$(inherited)",
					"@executable_path/Frameworks",
					"@loader_path/Frameworks",
				);
				PRODUCT_BUNDLE_IDENTIFIER = com.Logan.CaptionThat.CaptionThatTests;
				PRODUCT_NAME = "$(TARGET_NAME)";
				SWIFT_VERSION = 5.0;
				TARGETED_DEVICE_FAMILY = "1,2";
				TEST_HOST = "$(BUILT_PRODUCTS_DIR)/CaptionThat.app/CaptionThat";
			};
			name = Release;
		};
		023C6C2223FCD8E300C72500 /* Debug */ = {
			isa = XCBuildConfiguration;
			buildSettings = {
				ALWAYS_EMBED_SWIFT_STANDARD_LIBRARIES = YES;
				CODE_SIGN_STYLE = Automatic;
				INFOPLIST_FILE = CaptionThatUITests/Info.plist;
				LD_RUNPATH_SEARCH_PATHS = (
					"$(inherited)",
					"@executable_path/Frameworks",
					"@loader_path/Frameworks",
				);
				PRODUCT_BUNDLE_IDENTIFIER = com.Logan.CaptionThat.CaptionThatUITests;
				PRODUCT_NAME = "$(TARGET_NAME)";
				SWIFT_VERSION = 5.0;
				TARGETED_DEVICE_FAMILY = "1,2";
				TEST_TARGET_NAME = CaptionThat;
			};
			name = Debug;
		};
		023C6C2323FCD8E300C72500 /* Release */ = {
			isa = XCBuildConfiguration;
			buildSettings = {
				ALWAYS_EMBED_SWIFT_STANDARD_LIBRARIES = YES;
				CODE_SIGN_STYLE = Automatic;
				INFOPLIST_FILE = CaptionThatUITests/Info.plist;
				LD_RUNPATH_SEARCH_PATHS = (
					"$(inherited)",
					"@executable_path/Frameworks",
					"@loader_path/Frameworks",
				);
				PRODUCT_BUNDLE_IDENTIFIER = com.Logan.CaptionThat.CaptionThatUITests;
				PRODUCT_NAME = "$(TARGET_NAME)";
				SWIFT_VERSION = 5.0;
				TARGETED_DEVICE_FAMILY = "1,2";
				TEST_TARGET_NAME = CaptionThat;
			};
			name = Release;
		};
/* End XCBuildConfiguration section */

/* Begin XCConfigurationList section */
		023C6BEC23FCD8E100C72500 /* Build configuration list for PBXProject "CaptionThat" */ = {
			isa = XCConfigurationList;
			buildConfigurations = (
				023C6C1923FCD8E300C72500 /* Debug */,
				023C6C1A23FCD8E300C72500 /* Release */,
			);
			defaultConfigurationIsVisible = 0;
			defaultConfigurationName = Release;
		};
		023C6C1B23FCD8E300C72500 /* Build configuration list for PBXNativeTarget "CaptionThat" */ = {
			isa = XCConfigurationList;
			buildConfigurations = (
				023C6C1C23FCD8E300C72500 /* Debug */,
				023C6C1D23FCD8E300C72500 /* Release */,
			);
			defaultConfigurationIsVisible = 0;
			defaultConfigurationName = Release;
		};
		023C6C1E23FCD8E300C72500 /* Build configuration list for PBXNativeTarget "CaptionThatTests" */ = {
			isa = XCConfigurationList;
			buildConfigurations = (
				023C6C1F23FCD8E300C72500 /* Debug */,
				023C6C2023FCD8E300C72500 /* Release */,
			);
			defaultConfigurationIsVisible = 0;
			defaultConfigurationName = Release;
		};
		023C6C2123FCD8E300C72500 /* Build configuration list for PBXNativeTarget "CaptionThatUITests" */ = {
			isa = XCConfigurationList;
			buildConfigurations = (
				023C6C2223FCD8E300C72500 /* Debug */,
				023C6C2323FCD8E300C72500 /* Release */,
			);
			defaultConfigurationIsVisible = 0;
			defaultConfigurationName = Release;
		};
/* End XCConfigurationList section */
	};
	rootObject = 023C6BE923FCD8E100C72500 /* Project object */;
}
